// !$*UTF8*$!
{
	archiveVersion = 1;
	classes = {
	};
	objectVersion = 55;
	objects = {

/* Begin PBXBuildFile section */
		2E941807B8D02C752FE466D8 /* Pods_PokerTrain.framework in Frameworks */ = {isa = PBXBuildFile; fileRef = 7560330E8E0DB3B7A8ECEDA3 /* Pods_PokerTrain.framework */; };
		6777899129D095E1009E7F23 /* LearnViewController.swift in Sources */ = {isa = PBXBuildFile; fileRef = 6777899029D095E1009E7F23 /* LearnViewController.swift */; };
		6777899329D095FA009E7F23 /* TimerViewController.swift in Sources */ = {isa = PBXBuildFile; fileRef = 6777899229D095FA009E7F23 /* TimerViewController.swift */; };
		6777899529D09633009E7F23 /* ChanceViewController.swift in Sources */ = {isa = PBXBuildFile; fileRef = 6777899429D09633009E7F23 /* ChanceViewController.swift */; };
		6777899729D09647009E7F23 /* SettingsViewController.swift in Sources */ = {isa = PBXBuildFile; fileRef = 6777899629D09647009E7F23 /* SettingsViewController.swift */; };
		677B118E29D0E1FE00BBFE28 /* Raleway-Medium.ttf in Resources */ = {isa = PBXBuildFile; fileRef = 677B118D29D0E1FE00BBFE28 /* Raleway-Medium.ttf */; };
		677B119029D0E5D800BBFE28 /* Raleway-Bold.ttf in Resources */ = {isa = PBXBuildFile; fileRef = 677B118F29D0E5D800BBFE28 /* Raleway-Bold.ttf */; };
		67988C5129D23EC70047837B /* UIImage+scaleImage.swift in Sources */ = {isa = PBXBuildFile; fileRef = 67988C5029D23EC70047837B /* UIImage+scaleImage.swift */; };
		67E8942229CED5CF0075F9EC /* AppDelegate.swift in Sources */ = {isa = PBXBuildFile; fileRef = 67E8942129CED5CF0075F9EC /* AppDelegate.swift */; };
		67E8942B29CED5D30075F9EC /* Assets.xcassets in Resources */ = {isa = PBXBuildFile; fileRef = 67E8942A29CED5D30075F9EC /* Assets.xcassets */; };
		67E8942E29CED5D30075F9EC /* LaunchScreen.storyboard in Resources */ = {isa = PBXBuildFile; fileRef = 67E8942C29CED5D30075F9EC /* LaunchScreen.storyboard */; };
		67E8943929CED67B0075F9EC /* AppCoordinator.swift in Sources */ = {isa = PBXBuildFile; fileRef = 67E8943629CED67B0075F9EC /* AppCoordinator.swift */; };
		67E8943A29CED67B0075F9EC /* CoordinatorProtocol.swift in Sources */ = {isa = PBXBuildFile; fileRef = 67E8943829CED67B0075F9EC /* CoordinatorProtocol.swift */; };
		67E8943F29CED6A60075F9EC /* UserDefaultsManager.swift in Sources */ = {isa = PBXBuildFile; fileRef = 67E8943D29CED6A60075F9EC /* UserDefaultsManager.swift */; };
		67E8944029CED6A60075F9EC /* NetworkService.swift in Sources */ = {isa = PBXBuildFile; fileRef = 67E8943E29CED6A60075F9EC /* NetworkService.swift */; };
		67E8944229CED6C90075F9EC /* Onboarding.swift in Sources */ = {isa = PBXBuildFile; fileRef = 67E8944129CED6C90075F9EC /* Onboarding.swift */; };
		67E8944429CED6F20075F9EC /* MainViewController.swift in Sources */ = {isa = PBXBuildFile; fileRef = 67E8944329CED6F20075F9EC /* MainViewController.swift */; };
		67E8944929CED6FE0075F9EC /* MainViewModel.swift in Sources */ = {isa = PBXBuildFile; fileRef = 67E8944629CED6FE0075F9EC /* MainViewModel.swift */; };
		67E8944A29CED6FE0075F9EC /* Dynamic.swift in Sources */ = {isa = PBXBuildFile; fileRef = 67E8944829CED6FE0075F9EC /* Dynamic.swift */; };
		67E8945129CED7380075F9EC /* UIColor+hex.swift in Sources */ = {isa = PBXBuildFile; fileRef = 67E8944D29CED7380075F9EC /* UIColor+hex.swift */; };
		67E8945229CED7380075F9EC /* UIButton+CustomButton.swift in Sources */ = {isa = PBXBuildFile; fileRef = 67E8944E29CED7380075F9EC /* UIButton+CustomButton.swift */; };
		67E8945329CED7380075F9EC /* UIViewController+Actions.swift in Sources */ = {isa = PBXBuildFile; fileRef = 67E8944F29CED7380075F9EC /* UIViewController+Actions.swift */; };
		67E8945429CED7380075F9EC /* Double+adjustSize.swift in Sources */ = {isa = PBXBuildFile; fileRef = 67E8945029CED7380075F9EC /* Double+adjustSize.swift */; };
		67E8945629CEDC870075F9EC /* UIColor+ColorNames.swift in Sources */ = {isa = PBXBuildFile; fileRef = 67E8945529CEDC870075F9EC /* UIColor+ColorNames.swift */; };
		67E8945929CF8ED80075F9EC /* Raleway-SemiBold.ttf in Resources */ = {isa = PBXBuildFile; fileRef = 67E8945829CF8ED80075F9EC /* Raleway-SemiBold.ttf */; };
		67E8945B29CF8EDF0075F9EC /* Raleway-Regular.ttf in Resources */ = {isa = PBXBuildFile; fileRef = 67E8945A29CF8EDF0075F9EC /* Raleway-Regular.ttf */; };
		67E8945D29CF98D40075F9EC /* MenuTabBarController.swift in Sources */ = {isa = PBXBuildFile; fileRef = 67E8945C29CF98D40075F9EC /* MenuTabBarController.swift */; };
/* End PBXBuildFile section */

/* Begin PBXFileReference section */
		6777899029D095E1009E7F23 /* LearnViewController.swift */ = {isa = PBXFileReference; lastKnownFileType = sourcecode.swift; path = LearnViewController.swift; sourceTree = "<group>"; };
		6777899229D095FA009E7F23 /* TimerViewController.swift */ = {isa = PBXFileReference; lastKnownFileType = sourcecode.swift; path = TimerViewController.swift; sourceTree = "<group>"; };
		6777899429D09633009E7F23 /* ChanceViewController.swift */ = {isa = PBXFileReference; lastKnownFileType = sourcecode.swift; path = ChanceViewController.swift; sourceTree = "<group>"; };
		6777899629D09647009E7F23 /* SettingsViewController.swift */ = {isa = PBXFileReference; lastKnownFileType = sourcecode.swift; path = SettingsViewController.swift; sourceTree = "<group>"; };
		677B118D29D0E1FE00BBFE28 /* Raleway-Medium.ttf */ = {isa = PBXFileReference; lastKnownFileType = file; path = "Raleway-Medium.ttf"; sourceTree = "<group>"; };
		677B118F29D0E5D800BBFE28 /* Raleway-Bold.ttf */ = {isa = PBXFileReference; lastKnownFileType = file; path = "Raleway-Bold.ttf"; sourceTree = "<group>"; };
		67988C5029D23EC70047837B /* UIImage+scaleImage.swift */ = {isa = PBXFileReference; fileEncoding = 4; lastKnownFileType = sourcecode.swift; path = "UIImage+scaleImage.swift"; sourceTree = "<group>"; };
		67E8941E29CED5CF0075F9EC /* PokerTrain.app */ = {isa = PBXFileReference; explicitFileType = wrapper.application; includeInIndex = 0; path = PokerTrain.app; sourceTree = BUILT_PRODUCTS_DIR; };
		67E8942129CED5CF0075F9EC /* AppDelegate.swift */ = {isa = PBXFileReference; lastKnownFileType = sourcecode.swift; path = AppDelegate.swift; sourceTree = "<group>"; };
		67E8942A29CED5D30075F9EC /* Assets.xcassets */ = {isa = PBXFileReference; lastKnownFileType = folder.assetcatalog; path = Assets.xcassets; sourceTree = "<group>"; };
		67E8942D29CED5D30075F9EC /* Base */ = {isa = PBXFileReference; lastKnownFileType = file.storyboard; name = Base; path = Base.lproj/LaunchScreen.storyboard; sourceTree = "<group>"; };
		67E8942F29CED5D30075F9EC /* Info.plist */ = {isa = PBXFileReference; lastKnownFileType = text.plist.xml; path = Info.plist; sourceTree = "<group>"; };
		67E8943629CED67B0075F9EC /* AppCoordinator.swift */ = {isa = PBXFileReference; fileEncoding = 4; lastKnownFileType = sourcecode.swift; path = AppCoordinator.swift; sourceTree = "<group>"; };
		67E8943829CED67B0075F9EC /* CoordinatorProtocol.swift */ = {isa = PBXFileReference; fileEncoding = 4; lastKnownFileType = sourcecode.swift; path = CoordinatorProtocol.swift; sourceTree = "<group>"; };
		67E8943D29CED6A60075F9EC /* UserDefaultsManager.swift */ = {isa = PBXFileReference; fileEncoding = 4; lastKnownFileType = sourcecode.swift; path = UserDefaultsManager.swift; sourceTree = "<group>"; };
		67E8943E29CED6A60075F9EC /* NetworkService.swift */ = {isa = PBXFileReference; fileEncoding = 4; lastKnownFileType = sourcecode.swift; path = NetworkService.swift; sourceTree = "<group>"; };
		67E8944129CED6C90075F9EC /* Onboarding.swift */ = {isa = PBXFileReference; fileEncoding = 4; lastKnownFileType = sourcecode.swift; path = Onboarding.swift; sourceTree = "<group>"; };
		67E8944329CED6F20075F9EC /* MainViewController.swift */ = {isa = PBXFileReference; fileEncoding = 4; lastKnownFileType = sourcecode.swift; path = MainViewController.swift; sourceTree = "<group>"; };
		67E8944629CED6FE0075F9EC /* MainViewModel.swift */ = {isa = PBXFileReference; fileEncoding = 4; lastKnownFileType = sourcecode.swift; path = MainViewModel.swift; sourceTree = "<group>"; };
		67E8944829CED6FE0075F9EC /* Dynamic.swift */ = {isa = PBXFileReference; fileEncoding = 4; lastKnownFileType = sourcecode.swift; path = Dynamic.swift; sourceTree = "<group>"; };
		67E8944D29CED7380075F9EC /* UIColor+hex.swift */ = {isa = PBXFileReference; fileEncoding = 4; lastKnownFileType = sourcecode.swift; path = "UIColor+hex.swift"; sourceTree = "<group>"; };
		67E8944E29CED7380075F9EC /* UIButton+CustomButton.swift */ = {isa = PBXFileReference; fileEncoding = 4; lastKnownFileType = sourcecode.swift; path = "UIButton+CustomButton.swift"; sourceTree = "<group>"; };
		67E8944F29CED7380075F9EC /* UIViewController+Actions.swift */ = {isa = PBXFileReference; fileEncoding = 4; lastKnownFileType = sourcecode.swift; path = "UIViewController+Actions.swift"; sourceTree = "<group>"; };
		67E8945029CED7380075F9EC /* Double+adjustSize.swift */ = {isa = PBXFileReference; fileEncoding = 4; lastKnownFileType = sourcecode.swift; path = "Double+adjustSize.swift"; sourceTree = "<group>"; };
		67E8945529CEDC870075F9EC /* UIColor+ColorNames.swift */ = {isa = PBXFileReference; lastKnownFileType = sourcecode.swift; path = "UIColor+ColorNames.swift"; sourceTree = "<group>"; };
		67E8945829CF8ED80075F9EC /* Raleway-SemiBold.ttf */ = {isa = PBXFileReference; lastKnownFileType = file; path = "Raleway-SemiBold.ttf"; sourceTree = "<group>"; };
		67E8945A29CF8EDF0075F9EC /* Raleway-Regular.ttf */ = {isa = PBXFileReference; lastKnownFileType = file; path = "Raleway-Regular.ttf"; sourceTree = "<group>"; };
		67E8945C29CF98D40075F9EC /* MenuTabBarController.swift */ = {isa = PBXFileReference; fileEncoding = 4; lastKnownFileType = sourcecode.swift; path = MenuTabBarController.swift; sourceTree = "<group>"; };
		7560330E8E0DB3B7A8ECEDA3 /* Pods_PokerTrain.framework */ = {isa = PBXFileReference; explicitFileType = wrapper.framework; includeInIndex = 0; path = Pods_PokerTrain.framework; sourceTree = BUILT_PRODUCTS_DIR; };
		E9FB4F06CB04AB01FD90609F /* Pods-PokerTrain.debug.xcconfig */ = {isa = PBXFileReference; includeInIndex = 1; lastKnownFileType = text.xcconfig; name = "Pods-PokerTrain.debug.xcconfig"; path = "Target Support Files/Pods-PokerTrain/Pods-PokerTrain.debug.xcconfig"; sourceTree = "<group>"; };
		EC8376B9C85BC5BEC0C20345 /* Pods-PokerTrain.release.xcconfig */ = {isa = PBXFileReference; includeInIndex = 1; lastKnownFileType = text.xcconfig; name = "Pods-PokerTrain.release.xcconfig"; path = "Target Support Files/Pods-PokerTrain/Pods-PokerTrain.release.xcconfig"; sourceTree = "<group>"; };
/* End PBXFileReference section */

/* Begin PBXFrameworksBuildPhase section */
		67E8941B29CED5CF0075F9EC /* Frameworks */ = {
			isa = PBXFrameworksBuildPhase;
			buildActionMask = 2147483647;
			files = (
				2E941807B8D02C752FE466D8 /* Pods_PokerTrain.framework in Frameworks */,
			);
			runOnlyForDeploymentPostprocessing = 0;
		};
/* End PBXFrameworksBuildPhase section */

/* Begin PBXGroup section */
		67E8941529CED5CF0075F9EC = {
			isa = PBXGroup;
			children = (
				67E8942029CED5CF0075F9EC /* PokerTrain */,
				67E8941F29CED5CF0075F9EC /* Products */,
				BFD2A3DCFB744C32879CDC2A /* Pods */,
				B70A9C7A63AF8FAA31C25FBE /* Frameworks */,
			);
			sourceTree = "<group>";
		};
		67E8941F29CED5CF0075F9EC /* Products */ = {
			isa = PBXGroup;
			children = (
				67E8941E29CED5CF0075F9EC /* PokerTrain.app */,
			);
			name = Products;
			sourceTree = "<group>";
		};
		67E8942029CED5CF0075F9EC /* PokerTrain */ = {
			isa = PBXGroup;
			children = (
				67E8943B29CED6830075F9EC /* App */,
				67E8945729CF8E8D0075F9EC /* Fonts */,
				67E8943529CED67B0075F9EC /* Coordinator */,
				67E8943C29CED6A60075F9EC /* Services */,
				67E8944529CED6FE0075F9EC /* ViewModels */,
				67E8944B29CED71C0075F9EC /* Views */,
				67E8944C29CED7380075F9EC /* Extensions */,
				67E8942A29CED5D30075F9EC /* Assets.xcassets */,
				67E8942C29CED5D30075F9EC /* LaunchScreen.storyboard */,
				67E8942F29CED5D30075F9EC /* Info.plist */,
			);
			path = PokerTrain;
			sourceTree = "<group>";
		};
		67E8943529CED67B0075F9EC /* Coordinator */ = {
			isa = PBXGroup;
			children = (
				67E8943629CED67B0075F9EC /* AppCoordinator.swift */,
				67E8943729CED67B0075F9EC /* Protocol */,
			);
			path = Coordinator;
			sourceTree = "<group>";
		};
		67E8943729CED67B0075F9EC /* Protocol */ = {
			isa = PBXGroup;
			children = (
				67E8943829CED67B0075F9EC /* CoordinatorProtocol.swift */,
			);
			path = Protocol;
			sourceTree = "<group>";
		};
		67E8943B29CED6830075F9EC /* App */ = {
			isa = PBXGroup;
			children = (
				67E8942129CED5CF0075F9EC /* AppDelegate.swift */,
			);
			path = App;
			sourceTree = "<group>";
		};
		67E8943C29CED6A60075F9EC /* Services */ = {
			isa = PBXGroup;
			children = (
				67E8943D29CED6A60075F9EC /* UserDefaultsManager.swift */,
				67E8943E29CED6A60075F9EC /* NetworkService.swift */,
			);
			path = Services;
			sourceTree = "<group>";
		};
		67E8944529CED6FE0075F9EC /* ViewModels */ = {
			isa = PBXGroup;
			children = (
				67E8944629CED6FE0075F9EC /* MainViewModel.swift */,
				67E8944729CED6FE0075F9EC /* Bindings */,
			);
			path = ViewModels;
			sourceTree = "<group>";
		};
		67E8944729CED6FE0075F9EC /* Bindings */ = {
			isa = PBXGroup;
			children = (
				67E8944829CED6FE0075F9EC /* Dynamic.swift */,
			);
			path = Bindings;
			sourceTree = "<group>";
		};
		67E8944B29CED71C0075F9EC /* Views */ = {
			isa = PBXGroup;
			children = (
				67E8944129CED6C90075F9EC /* Onboarding.swift */,
				67E8945C29CF98D40075F9EC /* MenuTabBarController.swift */,
				6777899029D095E1009E7F23 /* LearnViewController.swift */,
				67E8944329CED6F20075F9EC /* MainViewController.swift */,
				6777899229D095FA009E7F23 /* TimerViewController.swift */,
				6777899429D09633009E7F23 /* ChanceViewController.swift */,
				6777899629D09647009E7F23 /* SettingsViewController.swift */,
			);
			path = Views;
			sourceTree = "<group>";
		};
		67E8944C29CED7380075F9EC /* Extensions */ = {
			isa = PBXGroup;
			children = (
				67988C5029D23EC70047837B /* UIImage+scaleImage.swift */,
				67E8944D29CED7380075F9EC /* UIColor+hex.swift */,
				67E8944E29CED7380075F9EC /* UIButton+CustomButton.swift */,
				67E8944F29CED7380075F9EC /* UIViewController+Actions.swift */,
				67E8945029CED7380075F9EC /* Double+adjustSize.swift */,
				67E8945529CEDC870075F9EC /* UIColor+ColorNames.swift */,
			);
			path = Extensions;
			sourceTree = "<group>";
		};
		67E8945729CF8E8D0075F9EC /* Fonts */ = {
			isa = PBXGroup;
			children = (
				677B118D29D0E1FE00BBFE28 /* Raleway-Medium.ttf */,
				677B118F29D0E5D800BBFE28 /* Raleway-Bold.ttf */,
				67E8945829CF8ED80075F9EC /* Raleway-SemiBold.ttf */,
				67E8945A29CF8EDF0075F9EC /* Raleway-Regular.ttf */,
			);
			path = Fonts;
			sourceTree = "<group>";
		};
		B70A9C7A63AF8FAA31C25FBE /* Frameworks */ = {
			isa = PBXGroup;
			children = (
				7560330E8E0DB3B7A8ECEDA3 /* Pods_PokerTrain.framework */,
			);
			name = Frameworks;
			sourceTree = "<group>";
		};
		BFD2A3DCFB744C32879CDC2A /* Pods */ = {
			isa = PBXGroup;
			children = (
				E9FB4F06CB04AB01FD90609F /* Pods-PokerTrain.debug.xcconfig */,
				EC8376B9C85BC5BEC0C20345 /* Pods-PokerTrain.release.xcconfig */,
			);
			path = Pods;
			sourceTree = "<group>";
		};
/* End PBXGroup section */

/* Begin PBXNativeTarget section */
		67E8941D29CED5CF0075F9EC /* PokerTrain */ = {
			isa = PBXNativeTarget;
			buildConfigurationList = 67E8943229CED5D30075F9EC /* Build configuration list for PBXNativeTarget "PokerTrain" */;
			buildPhases = (
				139B324D30DB5249F45514ED /* [CP] Check Pods Manifest.lock */,
				67E8941A29CED5CF0075F9EC /* Sources */,
				67E8941B29CED5CF0075F9EC /* Frameworks */,
				67E8941C29CED5CF0075F9EC /* Resources */,
				025EC72E1DA760E4B35DD8AD /* [CP] Embed Pods Frameworks */,
			);
			buildRules = (
			);
			dependencies = (
			);
			name = PokerTrain;
			productName = PokerTrain;
			productReference = 67E8941E29CED5CF0075F9EC /* PokerTrain.app */;
			productType = "com.apple.product-type.application";
		};
/* End PBXNativeTarget section */

/* Begin PBXProject section */
		67E8941629CED5CF0075F9EC /* Project object */ = {
			isa = PBXProject;
			attributes = {
				BuildIndependentTargetsInParallel = 1;
				LastSwiftUpdateCheck = 1330;
				LastUpgradeCheck = 1330;
				TargetAttributes = {
					67E8941D29CED5CF0075F9EC = {
						CreatedOnToolsVersion = 13.3.1;
					};
				};
			};
			buildConfigurationList = 67E8941929CED5CF0075F9EC /* Build configuration list for PBXProject "PokerTrain" */;
			compatibilityVersion = "Xcode 13.0";
			developmentRegion = en;
			hasScannedForEncodings = 0;
			knownRegions = (
				en,
				Base,
			);
			mainGroup = 67E8941529CED5CF0075F9EC;
			productRefGroup = 67E8941F29CED5CF0075F9EC /* Products */;
			projectDirPath = "";
			projectRoot = "";
			targets = (
				67E8941D29CED5CF0075F9EC /* PokerTrain */,
			);
		};
/* End PBXProject section */

/* Begin PBXResourcesBuildPhase section */
		67E8941C29CED5CF0075F9EC /* Resources */ = {
			isa = PBXResourcesBuildPhase;
			buildActionMask = 2147483647;
			files = (
				67E8945929CF8ED80075F9EC /* Raleway-SemiBold.ttf in Resources */,
				677B119029D0E5D800BBFE28 /* Raleway-Bold.ttf in Resources */,
				67E8942E29CED5D30075F9EC /* LaunchScreen.storyboard in Resources */,
				677B118E29D0E1FE00BBFE28 /* Raleway-Medium.ttf in Resources */,
				67E8942B29CED5D30075F9EC /* Assets.xcassets in Resources */,
				67E8945B29CF8EDF0075F9EC /* Raleway-Regular.ttf in Resources */,
			);
			runOnlyForDeploymentPostprocessing = 0;
		};
/* End PBXResourcesBuildPhase section */

/* Begin PBXShellScriptBuildPhase section */
		025EC72E1DA760E4B35DD8AD /* [CP] Embed Pods Frameworks */ = {
			isa = PBXShellScriptBuildPhase;
			buildActionMask = 2147483647;
			files = (
			);
			inputFileListPaths = (
				"${PODS_ROOT}/Target Support Files/Pods-PokerTrain/Pods-PokerTrain-frameworks-${CONFIGURATION}-input-files.xcfilelist",
			);
			name = "[CP] Embed Pods Frameworks";
			outputFileListPaths = (
				"${PODS_ROOT}/Target Support Files/Pods-PokerTrain/Pods-PokerTrain-frameworks-${CONFIGURATION}-output-files.xcfilelist",
			);
			runOnlyForDeploymentPostprocessing = 0;
			shellPath = /bin/sh;
			shellScript = "\"${PODS_ROOT}/Target Support Files/Pods-PokerTrain/Pods-PokerTrain-frameworks.sh\"\n";
			showEnvVarsInLog = 0;
		};
		139B324D30DB5249F45514ED /* [CP] Check Pods Manifest.lock */ = {
			isa = PBXShellScriptBuildPhase;
			buildActionMask = 2147483647;
			files = (
			);
			inputFileListPaths = (
			);
			inputPaths = (
				"${PODS_PODFILE_DIR_PATH}/Podfile.lock",
				"${PODS_ROOT}/Manifest.lock",
			);
			name = "[CP] Check Pods Manifest.lock";
			outputFileListPaths = (
			);
			outputPaths = (
				"$(DERIVED_FILE_DIR)/Pods-PokerTrain-checkManifestLockResult.txt",
			);
			runOnlyForDeploymentPostprocessing = 0;
			shellPath = /bin/sh;
			shellScript = "diff \"${PODS_PODFILE_DIR_PATH}/Podfile.lock\" \"${PODS_ROOT}/Manifest.lock\" > /dev/null\nif [ $? != 0 ] ; then\n    # print error to STDERR\n    echo \"error: The sandbox is not in sync with the Podfile.lock. Run 'pod install' or update your CocoaPods installation.\" >&2\n    exit 1\nfi\n# This output is used by Xcode 'outputs' to avoid re-running this script phase.\necho \"SUCCESS\" > \"${SCRIPT_OUTPUT_FILE_0}\"\n";
			showEnvVarsInLog = 0;
		};
/* End PBXShellScriptBuildPhase section */

/* Begin PBXSourcesBuildPhase section */
		67E8941A29CED5CF0075F9EC /* Sources */ = {
			isa = PBXSourcesBuildPhase;
			buildActionMask = 2147483647;
			files = (
				67E8945629CEDC870075F9EC /* UIColor+ColorNames.swift in Sources */,
				67E8943929CED67B0075F9EC /* AppCoordinator.swift in Sources */,
				67E8944A29CED6FE0075F9EC /* Dynamic.swift in Sources */,
				67E8943F29CED6A60075F9EC /* UserDefaultsManager.swift in Sources */,
				67E8944229CED6C90075F9EC /* Onboarding.swift in Sources */,
				6777899729D09647009E7F23 /* SettingsViewController.swift in Sources */,
				67988C5129D23EC70047837B /* UIImage+scaleImage.swift in Sources */,
				6777899129D095E1009E7F23 /* LearnViewController.swift in Sources */,
				67E8943A29CED67B0075F9EC /* CoordinatorProtocol.swift in Sources */,
				67E8944029CED6A60075F9EC /* NetworkService.swift in Sources */,
				67E8945329CED7380075F9EC /* UIViewController+Actions.swift in Sources */,
				67E8942229CED5CF0075F9EC /* AppDelegate.swift in Sources */,
				67E8945229CED7380075F9EC /* UIButton+CustomButton.swift in Sources */,
				67E8945129CED7380075F9EC /* UIColor+hex.swift in Sources */,
				6777899329D095FA009E7F23 /* TimerViewController.swift in Sources */,
				67E8945D29CF98D40075F9EC /* MenuTabBarController.swift in Sources */,
				67E8944429CED6F20075F9EC /* MainViewController.swift in Sources */,
				67E8945429CED7380075F9EC /* Double+adjustSize.swift in Sources */,
				6777899529D09633009E7F23 /* ChanceViewController.swift in Sources */,
				67E8944929CED6FE0075F9EC /* MainViewModel.swift in Sources */,
			);
			runOnlyForDeploymentPostprocessing = 0;
		};
/* End PBXSourcesBuildPhase section */

/* Begin PBXVariantGroup section */
		67E8942C29CED5D30075F9EC /* LaunchScreen.storyboard */ = {
			isa = PBXVariantGroup;
			children = (
				67E8942D29CED5D30075F9EC /* Base */,
			);
			name = LaunchScreen.storyboard;
			sourceTree = "<group>";
		};
/* End PBXVariantGroup section */

/* Begin XCBuildConfiguration section */
		67E8943029CED5D30075F9EC /* Debug */ = {
			isa = XCBuildConfiguration;
			buildSettings = {
				ALWAYS_SEARCH_USER_PATHS = NO;
				CLANG_ANALYZER_NONNULL = YES;
				CLANG_ANALYZER_NUMBER_OBJECT_CONVERSION = YES_AGGRESSIVE;
				CLANG_CXX_LANGUAGE_STANDARD = "gnu++17";
				CLANG_ENABLE_MODULES = YES;
				CLANG_ENABLE_OBJC_ARC = YES;
				CLANG_ENABLE_OBJC_WEAK = YES;
				CLANG_WARN_BLOCK_CAPTURE_AUTORELEASING = YES;
				CLANG_WARN_BOOL_CONVERSION = YES;
				CLANG_WARN_COMMA = YES;
				CLANG_WARN_CONSTANT_CONVERSION = YES;
				CLANG_WARN_DEPRECATED_OBJC_IMPLEMENTATIONS = YES;
				CLANG_WARN_DIRECT_OBJC_ISA_USAGE = YES_ERROR;
				CLANG_WARN_DOCUMENTATION_COMMENTS = YES;
				CLANG_WARN_EMPTY_BODY = YES;
				CLANG_WARN_ENUM_CONVERSION = YES;
				CLANG_WARN_INFINITE_RECURSION = YES;
				CLANG_WARN_INT_CONVERSION = YES;
				CLANG_WARN_NON_LITERAL_NULL_CONVERSION = YES;
				CLANG_WARN_OBJC_IMPLICIT_RETAIN_SELF = YES;
				CLANG_WARN_OBJC_LITERAL_CONVERSION = YES;
				CLANG_WARN_OBJC_ROOT_CLASS = YES_ERROR;
				CLANG_WARN_QUOTED_INCLUDE_IN_FRAMEWORK_HEADER = YES;
				CLANG_WARN_RANGE_LOOP_ANALYSIS = YES;
				CLANG_WARN_STRICT_PROTOTYPES = YES;
				CLANG_WARN_SUSPICIOUS_MOVE = YES;
				CLANG_WARN_UNGUARDED_AVAILABILITY = YES_AGGRESSIVE;
				CLANG_WARN_UNREACHABLE_CODE = YES;
				CLANG_WARN__DUPLICATE_METHOD_MATCH = YES;
				COPY_PHASE_STRIP = NO;
				DEBUG_INFORMATION_FORMAT = dwarf;
				ENABLE_STRICT_OBJC_MSGSEND = YES;
				ENABLE_TESTABILITY = YES;
				GCC_C_LANGUAGE_STANDARD = gnu11;
				GCC_DYNAMIC_NO_PIC = NO;
				GCC_NO_COMMON_BLOCKS = YES;
				GCC_OPTIMIZATION_LEVEL = 0;
				GCC_PREPROCESSOR_DEFINITIONS = (
					"DEBUG=1",
					"$(inherited)",
				);
				GCC_WARN_64_TO_32_BIT_CONVERSION = YES;
				GCC_WARN_ABOUT_RETURN_TYPE = YES_ERROR;
				GCC_WARN_UNDECLARED_SELECTOR = YES;
				GCC_WARN_UNINITIALIZED_AUTOS = YES_AGGRESSIVE;
				GCC_WARN_UNUSED_FUNCTION = YES;
				GCC_WARN_UNUSED_VARIABLE = YES;
				IPHONEOS_DEPLOYMENT_TARGET = 15.4;
				MTL_ENABLE_DEBUG_INFO = INCLUDE_SOURCE;
				MTL_FAST_MATH = YES;
				ONLY_ACTIVE_ARCH = YES;
				SDKROOT = iphoneos;
				SWIFT_ACTIVE_COMPILATION_CONDITIONS = DEBUG;
				SWIFT_OPTIMIZATION_LEVEL = "-Onone";
			};
			name = Debug;
		};
		67E8943129CED5D30075F9EC /* Release */ = {
			isa = XCBuildConfiguration;
			buildSettings = {
				ALWAYS_SEARCH_USER_PATHS = NO;
				CLANG_ANALYZER_NONNULL = YES;
				CLANG_ANALYZER_NUMBER_OBJECT_CONVERSION = YES_AGGRESSIVE;
				CLANG_CXX_LANGUAGE_STANDARD = "gnu++17";
				CLANG_ENABLE_MODULES = YES;
				CLANG_ENABLE_OBJC_ARC = YES;
				CLANG_ENABLE_OBJC_WEAK = YES;
				CLANG_WARN_BLOCK_CAPTURE_AUTORELEASING = YES;
				CLANG_WARN_BOOL_CONVERSION = YES;
				CLANG_WARN_COMMA = YES;
				CLANG_WARN_CONSTANT_CONVERSION = YES;
				CLANG_WARN_DEPRECATED_OBJC_IMPLEMENTATIONS = YES;
				CLANG_WARN_DIRECT_OBJC_ISA_USAGE = YES_ERROR;
				CLANG_WARN_DOCUMENTATION_COMMENTS = YES;
				CLANG_WARN_EMPTY_BODY = YES;
				CLANG_WARN_ENUM_CONVERSION = YES;
				CLANG_WARN_INFINITE_RECURSION = YES;
				CLANG_WARN_INT_CONVERSION = YES;
				CLANG_WARN_NON_LITERAL_NULL_CONVERSION = YES;
				CLANG_WARN_OBJC_IMPLICIT_RETAIN_SELF = YES;
				CLANG_WARN_OBJC_LITERAL_CONVERSION = YES;
				CLANG_WARN_OBJC_ROOT_CLASS = YES_ERROR;
				CLANG_WARN_QUOTED_INCLUDE_IN_FRAMEWORK_HEADER = YES;
				CLANG_WARN_RANGE_LOOP_ANALYSIS = YES;
				CLANG_WARN_STRICT_PROTOTYPES = YES;
				CLANG_WARN_SUSPICIOUS_MOVE = YES;
				CLANG_WARN_UNGUARDED_AVAILABILITY = YES_AGGRESSIVE;
				CLANG_WARN_UNREACHABLE_CODE = YES;
				CLANG_WARN__DUPLICATE_METHOD_MATCH = YES;
				COPY_PHASE_STRIP = NO;
				DEBUG_INFORMATION_FORMAT = "dwarf-with-dsym";
				ENABLE_NS_ASSERTIONS = NO;
				ENABLE_STRICT_OBJC_MSGSEND = YES;
				GCC_C_LANGUAGE_STANDARD = gnu11;
				GCC_NO_COMMON_BLOCKS = YES;
				GCC_WARN_64_TO_32_BIT_CONVERSION = YES;
				GCC_WARN_ABOUT_RETURN_TYPE = YES_ERROR;
				GCC_WARN_UNDECLARED_SELECTOR = YES;
				GCC_WARN_UNINITIALIZED_AUTOS = YES_AGGRESSIVE;
				GCC_WARN_UNUSED_FUNCTION = YES;
				GCC_WARN_UNUSED_VARIABLE = YES;
				IPHONEOS_DEPLOYMENT_TARGET = 15.4;
				MTL_ENABLE_DEBUG_INFO = NO;
				MTL_FAST_MATH = YES;
				SDKROOT = iphoneos;
				SWIFT_COMPILATION_MODE = wholemodule;
				SWIFT_OPTIMIZATION_LEVEL = "-O";
				VALIDATE_PRODUCT = YES;
			};
			name = Release;
		};
		67E8943329CED5D30075F9EC /* Debug */ = {
			isa = XCBuildConfiguration;
			baseConfigurationReference = E9FB4F06CB04AB01FD90609F /* Pods-PokerTrain.debug.xcconfig */;
			buildSettings = {
				ASSETCATALOG_COMPILER_APPICON_NAME = AppIcon;
				ASSETCATALOG_COMPILER_GLOBAL_ACCENT_COLOR_NAME = AccentColor;
				CODE_SIGN_STYLE = Automatic;
				CURRENT_PROJECT_VERSION = 1;
				DEVELOPMENT_TEAM = 67A656CXMY;
				GENERATE_INFOPLIST_FILE = YES;
				INFOPLIST_FILE = PokerTrain/Info.plist;
				INFOPLIST_KEY_UIApplicationSupportsIndirectInputEvents = YES;
				INFOPLIST_KEY_UILaunchStoryboardName = LaunchScreen;
				INFOPLIST_KEY_UISupportedInterfaceOrientations = UIInterfaceOrientationPortrait;
				IPHONEOS_DEPLOYMENT_TARGET = 13.0;
				LD_RUNPATH_SEARCH_PATHS = (
					"$(inherited)",
					"@executable_path/Frameworks",
				);
				MARKETING_VERSION = 1.0;
				PRODUCT_BUNDLE_IDENTIFIER = Kyzu.PokerTrain;
				PRODUCT_NAME = "$(TARGET_NAME)";
				SWIFT_EMIT_LOC_STRINGS = YES;
				SWIFT_VERSION = 5.0;
				TARGETED_DEVICE_FAMILY = 1;
			};
			name = Debug;
		};
		67E8943429CED5D30075F9EC /* Release */ = {
			isa = XCBuildConfiguration;
			baseConfigurationReference = EC8376B9C85BC5BEC0C20345 /* Pods-PokerTrain.release.xcconfig */;
			buildSettings = {
				ASSETCATALOG_COMPILER_APPICON_NAME = AppIcon;
				ASSETCATALOG_COMPILER_GLOBAL_ACCENT_COLOR_NAME = AccentColor;
				CODE_SIGN_STYLE = Automatic;
				CURRENT_PROJECT_VERSION = 1;
				DEVELOPMENT_TEAM = 67A656CXMY;
				GENERATE_INFOPLIST_FILE = YES;
				INFOPLIST_FILE = PokerTrain/Info.plist;
				INFOPLIST_KEY_UIApplicationSupportsIndirectInputEvents = YES;
				INFOPLIST_KEY_UILaunchStoryboardName = LaunchScreen;
				INFOPLIST_KEY_UISupportedInterfaceOrientations = UIInterfaceOrientationPortrait;
				IPHONEOS_DEPLOYMENT_TARGET = 13.0;
				LD_RUNPATH_SEARCH_PATHS = (
					"$(inherited)",
					"@executable_path/Frameworks",
				);
				MARKETING_VERSION = 1.0;
				PRODUCT_BUNDLE_IDENTIFIER = Kyzu.PokerTrain;
				PRODUCT_NAME = "$(TARGET_NAME)";
				SWIFT_EMIT_LOC_STRINGS = YES;
				SWIFT_VERSION = 5.0;
				TARGETED_DEVICE_FAMILY = 1;
			};
			name = Release;
		};
/* End XCBuildConfiguration section */

/* Begin XCConfigurationList section */
		67E8941929CED5CF0075F9EC /* Build configuration list for PBXProject "PokerTrain" */ = {
			isa = XCConfigurationList;
			buildConfigurations = (
				67E8943029CED5D30075F9EC /* Debug */,
				67E8943129CED5D30075F9EC /* Release */,
			);
			defaultConfigurationIsVisible = 0;
			defaultConfigurationName = Release;
		};
		67E8943229CED5D30075F9EC /* Build configuration list for PBXNativeTarget "PokerTrain" */ = {
			isa = XCConfigurationList;
			buildConfigurations = (
				67E8943329CED5D30075F9EC /* Debug */,
				67E8943429CED5D30075F9EC /* Release */,
			);
			defaultConfigurationIsVisible = 0;
			defaultConfigurationName = Release;
		};
/* End XCConfigurationList section */
	};
	rootObject = 67E8941629CED5CF0075F9EC /* Project object */;
}
